<?xml version="1.0" encoding="UTF-8" standalone="yes" ?>
<CodeBlocks_project_file>
	<FileVersion major="1" minor="6" />
	<Project>
		<Option title="borne_arcade" />
		<Option pch_mode="2" />
		<Option compiler="gcc" />
		<Build>
			<Target title="Release">
				<Option output="bin/Release/borne_arcade" prefix_auto="1" extension_auto="1" />
				<Option object_output="obj/Release/" />
				<Option type="1" />
				<Option compiler="gcc" />
				<Compiler>
					<Add option="-O2" />
				</Compiler>
				<Linker>
					<Add option="-s" />
				</Linker>
			</Target>
		</Build>
		<Compiler>
			<Add option="-Wall" />
		</Compiler>
		<Unit filename="juste_prix.c">
			<Option compilerVar="CC" />
		</Unit>
		<Unit filename="juste_prix.h" />
		<Unit filename="main.c">
			<Option compilerVar="CC" />
		</Unit>
		<Unit filename="mastermind.c">
			<Option compilerVar="CC" />
		</Unit>
		<Unit filename="mastermind.h" />
		<Unit filename="papier_ciseaux.c">
			<Option compilerVar="CC" />
		</Unit>
		<Unit filename="papier_ciseaux.h" />
		<Unit filename="pendu.c">
			<Option compilerVar="CC" />
		</Unit>
		<Unit filename="pendu.h" />
		<Unit filename="score.c">
			<Option compilerVar="CC" />
		</Unit>
		<Unit filename="score.h" />
		<Extensions />
	</Project>
</CodeBlocks_project_file>
